
Microsoft Visual Studio Solution File, Format Version 12.00
# Visual Studio Version 16
VisualStudioVersion = 16.0.30320.27
MinimumVisualStudioVersion = 15.0.26124.0
Project("{9A19103F-16F7-4668-BE54-9A1E7A4F7556}") = "StudentManagement", "StudentManagement\StudentManagement.csproj", "{88C9AC0B-F70C-4EB8-B5BA-22D5FBB716C2}"
EndProject
Project("{FAE04EC0-301F-11D3-BF4B-00C04F79EFBC}") = "StudentManagement.FunctionalTests", "StudentManagement.FunctionalTests\StudentManagement.FunctionalTests.csproj", "{22E0C340-A4FF-40FE-9988-77D89E5CB648}"
EndProject
Global
	GlobalSection(SolutionConfigurationPlatforms) = preSolution
		Debug|Any CPU = Debug|Any CPU
		Debug|x64 = Debug|x64
		Debug|x86 = Debug|x86
		Release|Any CPU = Release|Any CPU
		Release|x64 = Release|x64
		Release|x86 = Release|x86
	EndGlobalSection
	GlobalSection(ProjectConfigurationPlatforms) = postSolution
		{88C9AC0B-F70C-4EB8-B5BA-22D5FBB716C2}.Debug|Any CPU.ActiveCfg = Debug|Any CPU
		{88C9AC0B-F70C-4EB8-B5BA-22D5FBB716C2}.Debug|Any CPU.Build.0 = Debug|Any CPU
		{88C9AC0B-F70C-4EB8-B5BA-22D5FBB716C2}.Debug|x64.ActiveCfg = Debug|Any CPU
		{88C9AC0B-F70C-4EB8-B5BA-22D5FBB716C2}.Debug|x64.Build.0 = Debug|Any CPU
		{88C9AC0B-F70C-4EB8-B5BA-22D5FBB716C2}.Debug|x86.ActiveCfg = Debug|Any CPU
		{88C9AC0B-F70C-4EB8-B5BA-22D5FBB716C2}.Debug|x86.Build.0 = Debug|Any CPU
		{88C9AC0B-F70C-4EB8-B5BA-22D5FBB716C2}.Release|Any CPU.ActiveCfg = Release|Any CPU
		{88C9AC0B-F70C-4EB8-B5BA-22D5FBB716C2}.Release|Any CPU.Build.0 = Release|Any CPU
		{88C9AC0B-F70C-4EB8-B5BA-22D5FBB716C2}.Release|x64.ActiveCfg = Release|Any CPU
		{88C9AC0B-F70C-4EB8-B5BA-22D5FBB716C2}.Release|x64.Build.0 = Release|Any CPU
		{88C9AC0B-F70C-4EB8-B5BA-22D5FBB716C2}.Release|x86.ActiveCfg = Release|Any CPU
		{88C9AC0B-F70C-4EB8-B5BA-22D5FBB716C2}.Release|x86.Build.0 = Release|Any CPU
		{22E0C340-A4FF-40FE-9988-77D89E5CB648}.Debug|Any CPU.ActiveCfg = Debug|Any CPU
		{22E0C340-A4FF-40FE-9988-77D89E5CB648}.Debug|Any CPU.Build.0 = Debug|Any CPU
		{22E0C340-A4FF-40FE-9988-77D89E5CB648}.Debug|x64.ActiveCfg = Debug|Any CPU
		{22E0C340-A4FF-40FE-9988-77D89E5CB648}.Debug|x64.Build.0 = Debug|Any CPU
		{22E0C340-A4FF-40FE-9988-77D89E5CB648}.Debug|x86.ActiveCfg = Debug|Any CPU
		{22E0C340-A4FF-40FE-9988-77D89E5CB648}.Debug|x86.Build.0 = Debug|Any CPU
		{22E0C340-A4FF-40FE-9988-77D89E5CB648}.Release|Any CPU.ActiveCfg = Release|Any CPU
		{22E0C340-A4FF-40FE-9988-77D89E5CB648}.Release|Any CPU.Build.0 = Release|Any CPU
		{22E0C340-A4FF-40FE-9988-77D89E5CB648}.Release|x64.ActiveCfg = Release|Any CPU
		{22E0C340-A4FF-40FE-9988-77D89E5CB648}.Release|x64.Build.0 = Release|Any CPU
		{22E0C340-A4FF-40FE-9988-77D89E5CB648}.Release|x86.ActiveCfg = Release|Any CPU
		{22E0C340-A4FF-40FE-9988-77D89E5CB648}.Release|x86.Build.0 = Release|Any CPU
	EndGlobalSection
	GlobalSection(SolutionProperties) = preSolution
		HideSolutionNode = FALSE
	EndGlobalSection
	GlobalSection(ExtensibilityGlobals) = postSolution
		SolutionGuid = {133B8D12-4FB8-4CC1-9396-0E0875D10506}
	EndGlobalSection
EndGlobal
